
Microsoft Visual Studio Solution File, Format Version 12.00
# Visual Studio Version 17
VisualStudioVersion = 17.3.32922.545
MinimumVisualStudioVersion = 10.0.40219.1
Project("{FAE04EC0-301F-11D3-BF4B-00C04F79EFBC}") = "Method2CalSal", "Method2CalSal\Method2CalSal.csproj", "{F25FEAFF-DFEE-4936-9C85-B3F5BF543D32}"
EndProject
Global
	GlobalSection(SolutionConfigurationPlatforms) = preSolution
		Debug|Any CPU = Debug|Any CPU
		Release|Any CPU = Release|Any CPU
	EndGlobalSection
	GlobalSection(ProjectConfigurationPlatforms) = postSolution
		{F25FEAFF-DFEE-4936-9C85-B3F5BF543D32}.Debug|Any CPU.ActiveCfg = Debug|Any CPU
		{F25FEAFF-DFEE-4936-9C85-B3F5BF543D32}.Debug|Any CPU.Build.0 = Debug|Any CPU
		{F25FEAFF-DFEE-4936-9C85-B3F5BF543D32}.Release|Any CPU.ActiveCfg = Release|Any CPU
		{F25FEAFF-DFEE-4936-9C85-B3F5BF543D32}.Release|Any CPU.Build.0 = Release|Any CPU
	EndGlobalSection
	GlobalSection(SolutionProperties) = preSolution
		HideSolutionNode = FALSE
	EndGlobalSection
	GlobalSection(ExtensibilityGlobals) = postSolution
		SolutionGuid = {94874370-14BB-4903-8F79-69ECFCF10359}
	EndGlobalSection
EndGlobal
